
Microsoft Visual Studio Solution File, Format Version 12.00
# Visual Studio Version 16
VisualStudioVersion = 16.0.31321.278
MinimumVisualStudioVersion = 10.0.40219.1
Project("{FAE04EC0-301F-11D3-BF4B-00C04F79EFBC}") = "OnlineJobPortal", "OnlineJobPortal\OnlineJobPortal.csproj", "{3BD2278E-17CC-43EF-98F9-6FDBDC2064D0}"
EndProject
Global
	GlobalSection(SolutionConfigurationPlatforms) = preSolution
		Debug|Any CPU = Debug|Any CPU
		Release|Any CPU = Release|Any CPU
	EndGlobalSection
	GlobalSection(ProjectConfigurationPlatforms) = postSolution
		{3BD2278E-17CC-43EF-98F9-6FDBDC2064D0}.Debug|Any CPU.ActiveCfg = Debug|Any CPU
		{3BD2278E-17CC-43EF-98F9-6FDBDC2064D0}.Debug|Any CPU.Build.0 = Debug|Any CPU
		{3BD2278E-17CC-43EF-98F9-6FDBDC2064D0}.Release|Any CPU.ActiveCfg = Release|Any CPU
		{3BD2278E-17CC-43EF-98F9-6FDBDC2064D0}.Release|Any CPU.Build.0 = Release|Any CPU
	EndGlobalSection
	GlobalSection(SolutionProperties) = preSolution
		HideSolutionNode = FALSE
	EndGlobalSection
	GlobalSection(ExtensibilityGlobals) = postSolution
		SolutionGuid = {CB6121D9-7BAD-4E39-BD98-1E02055B47F3}
	EndGlobalSection
EndGlobal
